
Microsoft Visual Studio Solution File, Format Version 12.00
Project("{FAE04EC0-301F-11D3-BF4B-00C04F79EFBC}") = "LlmAutoTooling", "LlmAutoTooling\LlmAutoTooling.csproj", "{996AEF99-AE81-489D-9392-41AA93517B38}"
EndProject
Global
	GlobalSection(SolutionConfigurationPlatforms) = preSolution
		Debug|Any CPU = Debug|Any CPU
		Release|Any CPU = Release|Any CPU
	EndGlobalSection
	GlobalSection(ProjectConfigurationPlatforms) = postSolution
		{996AEF99-AE81-489D-9392-41AA93517B38}.Debug|Any CPU.ActiveCfg = Debug|Any CPU
		{996AEF99-AE81-489D-9392-41AA93517B38}.Debug|Any CPU.Build.0 = Debug|Any CPU
		{996AEF99-AE81-489D-9392-41AA93517B38}.Release|Any CPU.ActiveCfg = Release|Any CPU
		{996AEF99-AE81-489D-9392-41AA93517B38}.Release|Any CPU.Build.0 = Release|Any CPU
	EndGlobalSection
EndGlobal
